<?xml version="1.0" encoding="utf-8"?>
<Project ToolsVersion="4.0" xmlns="http://schemas.microsoft.com/developer/msbuild/2003">
  <ItemGroup>
    <Filter Include="Source Files">
      <UniqueIdentifier>{4FC737F1-C7A5-4376-A066-2A32D752A2FF}</UniqueIdentifier>
      <Extensions>cpp;c;cc;cxx;def;odl;idl;hpj;bat;asm;asmx</Extensions>
    </Filter>
    <Filter Include="Header Files">
      <UniqueIdentifier>{93995380-89BD-4b04-88EB-625FBE52EBFB}</UniqueIdentifier>
      <Extensions>h;hh;hpp;hxx;hm;inl;inc;xsd</Extensions>
    </Filter>
    <Filter Include="Resource Files">
      <UniqueIdentifier>{67DA6AB6-F800-4c08-8B7A-83BB121AAD01}</UniqueIdentifier>
      <Extensions>rc;ico;cur;bmp;dlg;rc2;rct;bin;rgs;gif;jpg;jpeg;jpe;resx;tiff;tif;png;wav;mfcribbon-ms</Extensions>
    </Filter>
  </ItemGroup>
  <ItemGroup>
    <ClInclude Include="..\constraints\cpConstraint.h">
      <Filter>Header Files</Filter>
    </ClInclude>
    <ClInclude Include="..\constraints\cpDampedRotarySpring.h">
      <Filter>Header Files</Filter>
    </ClInclude>
    <ClInclude Include="..\constraints\cpDampedSpring.h">
      <Filter>Header Files</Filter>
    </ClInclude>
    <ClInclude Include="..\constraints\cpGearJoint.h">
      <Filter>Header Files</Filter>
    </ClInclude>
    <ClInclude Include="..\constraints\cpGrooveJoint.h">
      <Filter>Header Files</Filter>
    </ClInclude>
    <ClInclude Include="..\constraints\cpPinJoint.h">
      <Filter>Header Files</Filter>
    </ClInclude>
    <ClInclude Include="..\constraints\cpPivotJoint.h">
      <Filter>Header Files</Filter>
    </ClInclude>
    <ClInclude Include="..\constraints\cpRatchetJoint.h">
      <Filter>Header Files</Filter>
    </ClInclude>
    <ClInclude Include="..\constraints\cpRotaryLimitJoint.h">
      <Filter>Header Files</Filter>
    </ClInclude>
    <ClInclude Include="..\constraints\cpSimpleMotor.h">
      <Filter>Header Files</Filter>
    </ClInclude>
    <ClInclude Include="..\constraints\cpSlideJoint.h">
      <Filter>Header Files</Filter>
    </ClInclude>
    <ClInclude Include="..\constraints\cpUtil.h">
      <Filter>Header Files</Filter>
    </ClInclude>
    <ClInclude Include="..\chipmunk.h">
      <Filter>Header Files</Filter>
    </ClInclude>
    <ClInclude Include="..\chipmunk_ffi.h">
      <Filter>Header Files</Filter>
    </ClInclude>
    <ClInclude Include="..\chipmunk_private.h">
      <Filter>Header Files</Filter>
    </ClInclude>
    <ClInclude Include="..\chipmunk_types.h">
      <Filter>Header Files</Filter>
    </ClInclude>
    <ClInclude Include="..\chipmunk_unsafe.h">
      <Filter>Header Files</Filter>
    </ClInclude>
    <ClInclude Include="..\cpArbiter.h">
      <Filter>Header Files</Filter>
    </ClInclude>
    <ClInclude Include="..\cpBB.h">
      <Filter>Header Files</Filter>
    </ClInclude>
    <ClInclude Include="..\cpBody.h">
      <Filter>Header Files</Filter>
    </ClInclude>
    <ClInclude Include="..\cpPolyShape.h">
      <Filter>Header Files</Filter>
    </ClInclude>
    <ClInclude Include="..\cpShape.h">
      <Filter>Header Files</Filter>
    </ClInclude>
    <ClInclude Include="..\cpSpace.h">
      <Filter>Header Files</Filter>
    </ClInclude>
    <ClInclude Include="..\cpSpatialIndex.h">
      <Filter>Header Files</Filter>
    </ClInclude>
    <ClInclude Include="..\cpVect.h">
      <Filter>Header Files</Filter>
    </ClInclude>
    <ClInclude Include="..\prime.h">
      <Filter>Header Files</Filter>
    </ClInclude>
  </ItemGroup>
  <ItemGroup>
    <ClCompile Include="..\chipmunk.c">
      <Filter>Source Files</Filter>
    </ClCompile>
    <ClCompile Include="..\cpArbiter.c">
      <Filter>Source Files</Filter>
    </ClCompile>
    <ClCompile Include="..\cpArray.c">
      <Filter>Source Files</Filter>
    </ClCompile>
    <ClCompile Include="..\cpBB.c">
      <Filter>Source Files</Filter>
    </ClCompile>
    <ClCompile Include="..\cpBBTree.c">
      <Filter>Source Files</Filter>
    </ClCompile>
    <ClCompile Include="..\cpBody.c">
      <Filter>Source Files</Filter>
    </ClCompile>
    <ClCompile Include="..\cpCollision.c">
      <Filter>Source Files</Filter>
    </ClCompile>
    <ClCompile Include="..\cpHashSet.c">
      <Filter>Source Files</Filter>
    </ClCompile>
    <ClCompile Include="..\cpPolyShape.c">
      <Filter>Source Files</Filter>
    </ClCompile>
    <ClCompile Include="..\cpShape.c">
      <Filter>Source Files</Filter>
    </ClCompile>
    <ClCompile Include="..\cpSpace.c">
      <Filter>Source Files</Filter>
    </ClCompile>
    <ClCompile Include="..\cpSpaceComponent.c">
      <Filter>Source Files</Filter>
    </ClCompile>
    <ClCompile Include="..\cpSpaceHash.c">
      <Filter>Source Files</Filter>
    </ClCompile>
    <ClCompile Include="..\cpSpaceQuery.c">
      <Filter>Source Files</Filter>
    </ClCompile>
    <ClCompile Include="..\cpSpaceStep.c">
      <Filter>Source Files</Filter>
    </ClCompile>
    <ClCompile Include="..\cpSpatialIndex.c">
      <Filter>Source Files</Filter>
    </ClCompile>
    <ClCompile Include="..\cpSweep1D.c">
      <Filter>Source Files</Filter>
    </ClCompile>
    <ClCompile Include="..\cpVect.c">
      <Filter>Source Files</Filter>
    </ClCompile>
    <ClCompile Include="..\constraints\cpConstraint.c">
      <Filter>Source Files</Filter>
    </ClCompile>
    <ClCompile Include="..\constraints\cpDampedRotarySpring.c">
      <Filter>Source Files</Filter>
    </ClCompile>
    <ClCompile Include="..\constraints\cpDampedSpring.c">
      <Filter>Source Files</Filter>
    </ClCompile>
    <ClCompile Include="..\constraints\cpGearJoint.c">
      <Filter>Source Files</Filter>
    </ClCompile>
    <ClCompile Include="..\constraints\cpGrooveJoint.c">
      <Filter>Source Files</Filter>
    </ClCompile>
    <ClCompile Include="..\constraints\cpPinJoint.c">
      <Filter>Source Files</Filter>
    </ClCompile>
    <ClCompile Include="..\constraints\cpPivotJoint.c">
      <Filter>Source Files</Filter>
    </ClCompile>
    <ClCompile Include="..\constraints\cpRatchetJoint.c">
      <Filter>Source Files</Filter>
    </ClCompile>
    <ClCompile Include="..\constraints\cpRotaryLimitJoint.c">
      <Filter>Source Files</Filter>
    </ClCompile>
    <ClCompile Include="..\constraints\cpSimpleMotor.c">
      <Filter>Source Files</Filter>
    </ClCompile>
    <ClCompile Include="..\constraints\cpSlideJoint.c">
      <Filter>Source Files</Filter>
    </ClCompile>
  </ItemGroup>
</Project>