Microsoft Visual Studio Solution File, Format Version 12.00
# Visual Studio 15
VisualStudioVersion = 15.0.27428.2043
MinimumVisualStudioVersion = 10.0.40219.1
Project("{8BC9CEB8-8B4A-11D0-8D11-00A0C91BC942}") = "glfw", "src\glfw.vcxproj", "{B4A13E20-E36C-3EAD-A039-2B69BEF1CF36}"
EndProject
Global
	GlobalSection(SolutionConfigurationPlatforms) = preSolution
		Debug|Win32 = Debug|Win32
		MinSizeRel|Win32 = MinSizeRel|Win32
		Release|Win32 = Release|Win32
		RelWithDebInfo|Win32 = RelWithDebInfo|Win32
	EndGlobalSection
	GlobalSection(ProjectConfigurationPlatforms) = postSolution
		{B4A13E20-E36C-3EAD-A039-2B69BEF1CF36}.Debug|Win32.ActiveCfg = Debug|Win32
		{B4A13E20-E36C-3EAD-A039-2B69BEF1CF36}.Debug|Win32.Build.0 = Debug|Win32
		{B4A13E20-E36C-3EAD-A039-2B69BEF1CF36}.MinSizeRel|Win32.ActiveCfg = MinSizeRel|Win32
		{B4A13E20-E36C-3EAD-A039-2B69BEF1CF36}.MinSizeRel|Win32.Build.0 = MinSizeRel|Win32
		{B4A13E20-E36C-3EAD-A039-2B69BEF1CF36}.Release|Win32.ActiveCfg = Release|Win32
		{B4A13E20-E36C-3EAD-A039-2B69BEF1CF36}.Release|Win32.Build.0 = Release|Win32
		{B4A13E20-E36C-3EAD-A039-2B69BEF1CF36}.RelWithDebInfo|Win32.ActiveCfg = RelWithDebInfo|Win32
		{B4A13E20-E36C-3EAD-A039-2B69BEF1CF36}.RelWithDebInfo|Win32.Build.0 = RelWithDebInfo|Win32
	EndGlobalSection
	GlobalSection(SolutionProperties) = preSolution
		HideSolutionNode = FALSE
	EndGlobalSection
	GlobalSection(ExtensibilityGlobals) = postSolution
		SolutionGuid = {AF9947C1-B957-3B66-BF0D-7C1E304DD2AB}
	EndGlobalSection
EndGlobal
