<?xml version="1.0" encoding="utf-8"?>
<Project ToolsVersion="4.0" xmlns="http://schemas.microsoft.com/developer/msbuild/2003">
  <ItemGroup>
    <Filter Include="win32">
      <UniqueIdentifier>{84a8ebd7-7cf0-47f6-b75e-d441df67da40}</UniqueIdentifier>
    </Filter>
    <Filter Include="resource">
      <UniqueIdentifier>{715254bc-d70b-4ec5-bf29-467dd3ace079}</UniqueIdentifier>
    </Filter>
    <Filter Include="src">
      <UniqueIdentifier>{bb6c862e-70e9-49d9-81b7-3829a6f50471}</UniqueIdentifier>
    </Filter>
    <Filter Include="src\ai">
      <UniqueIdentifier>{1a6fb985-356d-48c0-bd2b-a6c778ad136f}</UniqueIdentifier>
    </Filter>
    <Filter Include="src\lua">
      <UniqueIdentifier>{7f86818b-6b1d-40a9-a2e5-f5688e96eada}</UniqueIdentifier>
    </Filter>
    <Filter Include="src\scenes">
      <UniqueIdentifier>{6aaffd88-5736-4772-98f1-0f64e75daef6}</UniqueIdentifier>
    </Filter>
    <Filter Include="src\objects">
      <UniqueIdentifier>{cbcab6aa-047c-45b1-a313-2da7873adb56}</UniqueIdentifier>
    </Filter>
    <Filter Include="src\spells">
      <UniqueIdentifier>{0ba2d5c8-0c6a-4af0-a239-94ab2900a7b0}</UniqueIdentifier>
    </Filter>
    <Filter Include="src\ui">
      <UniqueIdentifier>{e8b59a6d-888e-40a6-ae4b-589c3bb946db}</UniqueIdentifier>
    </Filter>
    <Filter Include="src\graphics">
      <UniqueIdentifier>{162c31a5-759c-4859-96ce-942200430899}</UniqueIdentifier>
    </Filter>
    <Filter Include="src\space">
      <UniqueIdentifier>{62f0893d-97d6-457e-a1d4-7f4b5b680d31}</UniqueIdentifier>
    </Filter>
    <Filter Include="src\controls">
      <UniqueIdentifier>{d20f64b2-3a99-4557-96c3-a26a0ed27ecf}</UniqueIdentifier>
    </Filter>
  </ItemGroup>
  <ItemGroup>
    <ClCompile Include="main.cpp">
      <Filter>win32</Filter>
    </ClCompile>
    <ClCompile Include="..\Classes\App.cpp">
      <Filter>src</Filter>
    </ClCompile>
    <ClCompile Include="..\Classes\util.cpp">
      <Filter>src</Filter>
    </ClCompile>
    <ClCompile Include="..\Classes\Prefix.cpp">
      <Filter>src</Filter>
    </ClCompile>
    <ClCompile Include="..\Classes\ai\AI.cpp">
      <Filter>src\ai</Filter>
    </ClCompile>
    <ClCompile Include="..\Classes\ai\AIMixins.cpp">
      <Filter>src\ai</Filter>
    </ClCompile>
    <ClCompile Include="..\Classes\ai\StateMapping.cpp">
      <Filter>src\ai</Filter>
    </ClCompile>
    <ClCompile Include="..\Classes\lua\LuaAPI.cpp">
      <Filter>src\lua</Filter>
    </ClCompile>
    <ClCompile Include="..\Classes\lua\LuaShell.cpp">
      <Filter>src\lua</Filter>
    </ClCompile>
    <ClCompile Include="..\Classes\objects\Agent.cpp">
      <Filter>src\objects</Filter>
    </ClCompile>
    <ClCompile Include="..\Classes\objects\Block.cpp">
      <Filter>src\objects</Filter>
    </ClCompile>
    <ClCompile Include="..\Classes\objects\Bullet.cpp">
      <Filter>src\objects</Filter>
    </ClCompile>
    <ClCompile Include="..\Classes\objects\Collectibles.cpp">
      <Filter>src\objects</Filter>
    </ClCompile>
    <ClCompile Include="..\Classes\objects\Glyph.cpp">
      <Filter>src\objects</Filter>
    </ClCompile>
    <ClCompile Include="..\Classes\objects\GObject.cpp">
      <Filter>src\objects</Filter>
    </ClCompile>
    <ClCompile Include="..\Classes\objects\GObjectMixins.cpp">
      <Filter>src\objects</Filter>
    </ClCompile>
    <ClCompile Include="..\Classes\objects\InventoryObject.cpp">
      <Filter>src\objects</Filter>
    </ClCompile>
    <ClCompile Include="..\Classes\objects\Items.cpp">
      <Filter>src\objects</Filter>
    </ClCompile>
    <ClCompile Include="..\Classes\objects\object_ref.cpp">
      <Filter>src\objects</Filter>
    </ClCompile>
    <ClCompile Include="..\Classes\objects\ObjectMapping.cpp">
      <Filter>src\objects</Filter>
    </ClCompile>
    <ClCompile Include="..\Classes\objects\Patchouli.cpp">
      <Filter>src\objects</Filter>
    </ClCompile>
    <ClCompile Include="..\Classes\objects\Player.cpp">
      <Filter>src\objects</Filter>
    </ClCompile>
    <ClCompile Include="..\Classes\objects\Torch.cpp">
      <Filter>src\objects</Filter>
    </ClCompile>
    <ClCompile Include="..\Classes\objects\Wall.cpp">
      <Filter>src\objects</Filter>
    </ClCompile>
    <ClCompile Include="..\Classes\scenes\PlayScene.cpp">
      <Filter>src\scenes</Filter>
    </ClCompile>
    <ClCompile Include="..\Classes\scenes\SceneMapping.cpp">
      <Filter>src\scenes</Filter>
    </ClCompile>
    <ClCompile Include="..\Classes\value_map.cpp">
      <Filter>src</Filter>
    </ClCompile>
    <ClCompile Include="..\Classes\spells\Spell.cpp">
      <Filter>src\spells</Filter>
    </ClCompile>
    <ClCompile Include="..\Classes\spells\SpellMapping.cpp">
      <Filter>src\spells</Filter>
    </ClCompile>
    <ClCompile Include="..\Classes\spells\FirePattern.cpp">
      <Filter>src\spells</Filter>
    </ClCompile>
    <ClCompile Include="..\Classes\spells\SpellDescriptor.cpp">
      <Filter>src\spells</Filter>
    </ClCompile>
    <ClCompile Include="..\Classes\spells\MagicEffect.cpp">
      <Filter>src\spells</Filter>
    </ClCompile>
    <ClCompile Include="..\Classes\objects\Fairy.cpp">
      <Filter>src\objects</Filter>
    </ClCompile>
    <ClCompile Include="..\Classes\Attributes.cpp">
      <Filter>src</Filter>
    </ClCompile>
    <ClCompile Include="..\Classes\objects\Goal.cpp">
      <Filter>src\objects</Filter>
    </ClCompile>
    <ClCompile Include="..\Classes\scenes\Mine.cpp">
      <Filter>src\scenes</Filter>
    </ClCompile>
    <ClCompile Include="..\Classes\objects\Launcher.cpp">
      <Filter>src\objects</Filter>
    </ClCompile>
    <ClCompile Include="..\Classes\objects\EffectArea.cpp">
      <Filter>src\objects</Filter>
    </ClCompile>
    <ClCompile Include="..\Classes\scenes\Desert.cpp">
      <Filter>src\scenes</Filter>
    </ClCompile>
    <ClCompile Include="..\Classes\objects\Pyramid.cpp">
      <Filter>src\objects</Filter>
    </ClCompile>
    <ClCompile Include="..\Classes\objects\Marisa.cpp">
      <Filter>src\objects</Filter>
    </ClCompile>
    <ClCompile Include="..\Classes\scenes\Collect.cpp">
      <Filter>src\scenes</Filter>
    </ClCompile>
    <ClCompile Include="..\Classes\objects\CollectGlyph.cpp">
      <Filter>src\objects</Filter>
    </ClCompile>
    <ClCompile Include="..\Classes\scenes\menu_scenes.cpp">
      <Filter>src\scenes</Filter>
    </ClCompile>
    <ClCompile Include="..\Classes\scenes\IceCave.cpp">
      <Filter>src\scenes</Filter>
    </ClCompile>
    <ClCompile Include="..\Classes\objects\Enemy.cpp">
      <Filter>src\objects</Filter>
    </ClCompile>
    <ClCompile Include="..\Classes\objects\SakuyaNPC.cpp">
      <Filter>src\objects</Filter>
    </ClCompile>
    <ClCompile Include="..\Classes\objects\TeleportPad.cpp">
      <Filter>src\objects</Filter>
    </ClCompile>
    <ClCompile Include="..\Classes\objects\Spawner.cpp">
      <Filter>src\objects</Filter>
    </ClCompile>
    <ClCompile Include="..\Classes\scenes\Forest.cpp">
      <Filter>src\scenes</Filter>
    </ClCompile>
    <ClCompile Include="..\Classes\scenes\Graveyard.cpp">
      <Filter>src\scenes</Filter>
    </ClCompile>
    <ClCompile Include="..\Classes\spells\PlayerSpell.cpp">
      <Filter>src\spells</Filter>
    </ClCompile>
    <ClCompile Include="..\Classes\spells\PatchouliSpell.cpp">
      <Filter>src\spells</Filter>
    </ClCompile>
    <ClCompile Include="..\Classes\spells\EnemyFirePattern.cpp">
      <Filter>src\spells</Filter>
    </ClCompile>
    <ClCompile Include="..\Classes\spells\PlayerFirePattern.cpp">
      <Filter>src\spells</Filter>
    </ClCompile>
    <ClCompile Include="..\Classes\FileIO.cpp">
      <Filter>src</Filter>
    </ClCompile>
    <ClCompile Include="..\Classes\objects\Upgrade.cpp">
      <Filter>src\objects</Filter>
    </ClCompile>
    <ClCompile Include="..\Classes\objects\Door.cpp">
      <Filter>src\objects</Filter>
    </ClCompile>
    <ClCompile Include="..\Classes\objects\AreaSensor.cpp">
      <Filter>src\objects</Filter>
    </ClCompile>
    <ClCompile Include="..\Classes\types.cpp">
      <Filter>src</Filter>
    </ClCompile>
    <ClCompile Include="..\Classes\scenes\Library.cpp">
      <Filter>src\scenes</Filter>
    </ClCompile>
    <ClCompile Include="..\Classes\vect.cpp">
      <Filter>src</Filter>
    </ClCompile>
    <ClCompile Include="..\Classes\objects\Bomb.cpp">
      <Filter>src\objects</Filter>
    </ClCompile>
    <ClCompile Include="..\Classes\scenes\OpeningScene.cpp">
      <Filter>src\scenes</Filter>
    </ClCompile>
    <ClCompile Include="..\Classes\objects\Sign.cpp">
      <Filter>src\objects</Filter>
    </ClCompile>
    <ClCompile Include="..\Classes\objects\Desk.cpp">
      <Filter>src\objects</Filter>
    </ClCompile>
    <ClCompile Include="..\Classes\objects\Reimu.cpp">
      <Filter>src\objects</Filter>
    </ClCompile>
    <ClCompile Include="..\Classes\objects\EnvironmentalObjects.cpp">
      <Filter>src\objects</Filter>
    </ClCompile>
    <ClCompile Include="..\Classes\scenes\OverworldScene.cpp">
      <Filter>src\scenes</Filter>
    </ClCompile>
    <ClCompile Include="..\Classes\objects\Meiling.cpp">
      <Filter>src\objects</Filter>
    </ClCompile>
    <ClCompile Include="..\Classes\objects\Flower.cpp">
      <Filter>src\objects</Filter>
    </ClCompile>
    <ClCompile Include="..\Classes\spells\RumiaSpells.cpp">
      <Filter>src\spells</Filter>
    </ClCompile>
    <ClCompile Include="..\Classes\spells\EnemySpell.cpp">
      <Filter>src\spells</Filter>
    </ClCompile>
    <ClCompile Include="..\Classes\spells\MarisaSpell.cpp">
      <Filter>src\spells</Filter>
    </ClCompile>
    <ClCompile Include="..\Classes\spells\SakuyaSpell.cpp">
      <Filter>src\spells</Filter>
    </ClCompile>
    <ClCompile Include="..\Classes\ai\AIFunctions.cpp">
      <Filter>src\ai</Filter>
    </ClCompile>
    <ClCompile Include="..\Classes\ai\AIUtil.cpp">
      <Filter>src\ai</Filter>
    </ClCompile>
    <ClCompile Include="..\Classes\spells\MiscMagicEffects.cpp">
      <Filter>src\spells</Filter>
    </ClCompile>
    <ClCompile Include="..\Classes\scenes\GScene.cpp">
      <Filter>src\scenes</Filter>
    </ClCompile>
    <ClCompile Include="..\Classes\scenes\GScene_graphics.cpp">
      <Filter>src\scenes</Filter>
    </ClCompile>
    <ClCompile Include="..\Classes\scenes\GScene_map.cpp">
      <Filter>src\scenes</Filter>
    </ClCompile>
    <ClCompile Include="..\Classes\objects\MapFragment.cpp">
      <Filter>src\objects</Filter>
    </ClCompile>
    <ClCompile Include="..\Classes\objects\FloorSegment.cpp">
      <Filter>src\objects</Filter>
    </ClCompile>
    <ClCompile Include="..\Classes\objects\FairyNPC.cpp">
      <Filter>src\objects</Filter>
    </ClCompile>
    <ClCompile Include="..\Classes\spells\SpellUtil.cpp">
      <Filter>src\spells</Filter>
    </ClCompile>
    <ClCompile Include="..\Classes\spells\FirePatternMapping.cpp">
      <Filter>src\spells</Filter>
    </ClCompile>
    <ClCompile Include="..\Classes\ai\RoomSensorFunctions.cpp">
      <Filter>src\ai</Filter>
    </ClCompile>
    <ClCompile Include="..\Classes\ai\EnemyFunctions.cpp">
      <Filter>src\ai</Filter>
    </ClCompile>
    <ClCompile Include="..\Classes\Resources.cpp">
      <Filter>src</Filter>
    </ClCompile>
    <ClCompile Include="..\Classes\audio_context.cpp">
      <Filter>src</Filter>
    </ClCompile>
    <ClCompile Include="..\Classes\ui\Dialog.cpp">
      <Filter>src\ui</Filter>
    </ClCompile>
    <ClCompile Include="..\Classes\ui\HUD.cpp">
      <Filter>src\ui</Filter>
    </ClCompile>
    <ClCompile Include="..\Classes\ui\menu.cpp">
      <Filter>src\ui</Filter>
    </ClCompile>
    <ClCompile Include="..\Classes\ui\menu_layers.cpp">
      <Filter>src\ui</Filter>
    </ClCompile>
    <ClCompile Include="..\Classes\graphics\GAnimation.cpp">
      <Filter>src\graphics</Filter>
    </ClCompile>
    <ClCompile Include="..\Classes\graphics\Graphics.cpp">
      <Filter>src\graphics</Filter>
    </ClCompile>
    <ClCompile Include="..\Classes\graphics\graphics_context.cpp">
      <Filter>src\graphics</Filter>
    </ClCompile>
    <ClCompile Include="..\Classes\graphics\GraphicsNodes.cpp">
      <Filter>src\graphics</Filter>
    </ClCompile>
    <ClCompile Include="..\Classes\Graph.cpp">
      <Filter>src</Filter>
    </ClCompile>
    <ClCompile Include="..\Classes\log.cpp">
      <Filter>src</Filter>
    </ClCompile>
    <ClCompile Include="..\Classes\space\GSpace.cpp">
      <Filter>src\space</Filter>
    </ClCompile>
    <ClCompile Include="..\Classes\space\GState.cpp">
      <Filter>src\space</Filter>
    </ClCompile>
    <ClCompile Include="..\Classes\space\physics_context.cpp">
      <Filter>src\space</Filter>
    </ClCompile>
    <ClCompile Include="..\Classes\space\PhysicsImpl.cpp">
      <Filter>src\space</Filter>
    </ClCompile>
    <ClCompile Include="..\Classes\controls\ControlMapping.cpp">
      <Filter>src\controls</Filter>
    </ClCompile>
    <ClCompile Include="..\Classes\controls\controls.cpp">
      <Filter>src\controls</Filter>
    </ClCompile>
    <ClCompile Include="..\Classes\controls\replay.cpp">
      <Filter>src\controls</Filter>
    </ClCompile>
    <ClCompile Include="..\Classes\graphics\graphics_types.cpp">
      <Filter>src\graphics</Filter>
    </ClCompile>
    <ClCompile Include="..\Classes\xml.cpp">
      <Filter>src</Filter>
    </ClCompile>
    <ClCompile Include="..\Classes\objects\object_params.cpp">
      <Filter>src\objects</Filter>
    </ClCompile>
    <ClCompile Include="..\Classes\ai\AIPackages.cpp">
      <Filter>src\ai</Filter>
    </ClCompile>
    <ClCompile Include="..\Classes\space\RadarSensor.cpp">
      <Filter>src\space</Filter>
    </ClCompile>
    <ClCompile Include="..\Classes\spells\MagicEffectSystem.cpp">
      <Filter>src\spells</Filter>
    </ClCompile>
    <ClCompile Include="..\Classes\objects\NPC.cpp">
      <Filter>src\objects</Filter>
    </ClCompile>
    <ClCompile Include="..\Classes\spells\FirePatternImpl.cpp">
      <Filter>src\spells</Filter>
    </ClCompile>
    <ClCompile Include="..\Classes\lua\lua_ai.cpp">
      <Filter>src\lua</Filter>
    </ClCompile>
    <ClCompile Include="..\Classes\lua\lua_gobject.cpp">
      <Filter>src\lua</Filter>
    </ClCompile>
    <ClCompile Include="..\Classes\lua\lua_types.cpp">
      <Filter>src\lua</Filter>
    </ClCompile>
  </ItemGroup>
  <ItemGroup>
    <ClInclude Include="main.h">
      <Filter>win32</Filter>
    </ClInclude>
    <ClInclude Include="..\Classes\App.h">
      <Filter>src</Filter>
    </ClInclude>
    <ClInclude Include="..\Classes\macros.h">
      <Filter>src</Filter>
    </ClInclude>
    <ClInclude Include="..\Classes\multifunction.h">
      <Filter>src</Filter>
    </ClInclude>
    <ClInclude Include="..\Classes\Prefix.h">
      <Filter>src</Filter>
    </ClInclude>
    <ClInclude Include="..\Classes\types.h">
      <Filter>src</Filter>
    </ClInclude>
    <ClInclude Include="..\Classes\util.h">
      <Filter>src</Filter>
    </ClInclude>
    <ClInclude Include="..\Classes\enum.h">
      <Filter>src</Filter>
    </ClInclude>
    <ClInclude Include="..\Classes\scenes\Collect.h">
      <Filter>src\scenes</Filter>
    </ClInclude>
    <ClInclude Include="..\Classes\scenes\LibraryOpening.h">
      <Filter>src\scenes</Filter>
    </ClInclude>
    <ClInclude Include="..\Classes\ai\AI.hpp">
      <Filter>src\ai</Filter>
    </ClInclude>
    <ClInclude Include="..\Classes\ai\AIMixins.hpp">
      <Filter>src\ai</Filter>
    </ClInclude>
    <ClInclude Include="..\Classes\lua\LuaAPI.hpp">
      <Filter>src\lua</Filter>
    </ClInclude>
    <ClInclude Include="..\Classes\lua\LuaShell.hpp">
      <Filter>src\lua</Filter>
    </ClInclude>
    <ClInclude Include="..\Classes\objects\Agent.hpp">
      <Filter>src\objects</Filter>
    </ClInclude>
    <ClInclude Include="..\Classes\objects\Block.hpp">
      <Filter>src\objects</Filter>
    </ClInclude>
    <ClInclude Include="..\Classes\objects\Bullet.hpp">
      <Filter>src\objects</Filter>
    </ClInclude>
    <ClInclude Include="..\Classes\objects\CollectGlyph.hpp">
      <Filter>src\objects</Filter>
    </ClInclude>
    <ClInclude Include="..\Classes\objects\Collectibles.hpp">
      <Filter>src\objects</Filter>
    </ClInclude>
    <ClInclude Include="..\Classes\objects\Flower.h">
      <Filter>src\objects</Filter>
    </ClInclude>
    <ClInclude Include="..\Classes\objects\Glyph.hpp">
      <Filter>src\objects</Filter>
    </ClInclude>
    <ClInclude Include="..\Classes\objects\GObject.hpp">
      <Filter>src\objects</Filter>
    </ClInclude>
    <ClInclude Include="..\Classes\objects\GObjectMixins.hpp">
      <Filter>src\objects</Filter>
    </ClInclude>
    <ClInclude Include="..\Classes\objects\InventoryObject.hpp">
      <Filter>src\objects</Filter>
    </ClInclude>
    <ClInclude Include="..\Classes\objects\Items.hpp">
      <Filter>src\objects</Filter>
    </ClInclude>
    <ClInclude Include="..\Classes\objects\Marisa.hpp">
      <Filter>src\objects</Filter>
    </ClInclude>
    <ClInclude Include="..\Classes\objects\object_ref.hpp">
      <Filter>src\objects</Filter>
    </ClInclude>
    <ClInclude Include="..\Classes\objects\Patchouli.hpp">
      <Filter>src\objects</Filter>
    </ClInclude>
    <ClInclude Include="..\Classes\objects\Player.hpp">
      <Filter>src\objects</Filter>
    </ClInclude>
    <ClInclude Include="..\Classes\objects\Reimu.hpp">
      <Filter>src\objects</Filter>
    </ClInclude>
    <ClInclude Include="..\Classes\objects\Torch.hpp">
      <Filter>src\objects</Filter>
    </ClInclude>
    <ClInclude Include="..\Classes\objects\Wall.hpp">
      <Filter>src\objects</Filter>
    </ClInclude>
    <ClInclude Include="..\Classes\scenes\PlayScene.hpp">
      <Filter>src\scenes</Filter>
    </ClInclude>
    <ClInclude Include="..\Classes\functional.hpp">
      <Filter>src</Filter>
    </ClInclude>
    <ClInclude Include="..\Classes\value_map.hpp">
      <Filter>src</Filter>
    </ClInclude>
    <ClInclude Include="..\Classes\spells\Spell.hpp">
      <Filter>src\spells</Filter>
    </ClInclude>
    <ClInclude Include="..\Classes\spells\FirePattern.hpp">
      <Filter>src\spells</Filter>
    </ClInclude>
    <ClInclude Include="..\Classes\spells\SpellDescriptor.hpp">
      <Filter>src\spells</Filter>
    </ClInclude>
    <ClInclude Include="..\Classes\spells\MagicEffect.hpp">
      <Filter>src\spells</Filter>
    </ClInclude>
    <ClInclude Include="..\Classes\objects\Fairy.hpp">
      <Filter>src\objects</Filter>
    </ClInclude>
    <ClInclude Include="..\Classes\Attributes.hpp">
      <Filter>src</Filter>
    </ClInclude>
    <ClInclude Include="..\Classes\objects\Goal.hpp">
      <Filter>src\objects</Filter>
    </ClInclude>
    <ClInclude Include="..\Classes\scenes\Mine.hpp">
      <Filter>src\scenes</Filter>
    </ClInclude>
    <ClInclude Include="..\Classes\objects\Launcher.hpp">
      <Filter>src\objects</Filter>
    </ClInclude>
    <ClInclude Include="..\Classes\objects\EffectArea.hpp">
      <Filter>src\objects</Filter>
    </ClInclude>
    <ClInclude Include="..\Classes\scenes\Desert.hpp">
      <Filter>src\scenes</Filter>
    </ClInclude>
    <ClInclude Include="..\Classes\objects\Pyramid.hpp">
      <Filter>src\objects</Filter>
    </ClInclude>
    <ClInclude Include="..\Classes\scenes\menu_scenes.h">
      <Filter>src\scenes</Filter>
    </ClInclude>
    <ClInclude Include="..\Classes\scenes\IceCave.hpp">
      <Filter>src\scenes</Filter>
    </ClInclude>
    <ClInclude Include="..\Classes\objects\Enemy.hpp">
      <Filter>src\objects</Filter>
    </ClInclude>
    <ClInclude Include="..\Classes\objects\SakuyaNPC.hpp">
      <Filter>src\objects</Filter>
    </ClInclude>
    <ClInclude Include="..\Classes\objects\TeleportPad.hpp">
      <Filter>src\objects</Filter>
    </ClInclude>
    <ClInclude Include="..\Classes\objects\Spawner.hpp">
      <Filter>src\objects</Filter>
    </ClInclude>
    <ClInclude Include="..\Classes\scenes\Forest.hpp">
      <Filter>src\scenes</Filter>
    </ClInclude>
    <ClInclude Include="..\Classes\scenes\Graveyard.hpp">
      <Filter>src\scenes</Filter>
    </ClInclude>
    <ClInclude Include="..\Classes\spells\PlayerSpell.hpp">
      <Filter>src\spells</Filter>
    </ClInclude>
    <ClInclude Include="..\Classes\spells\PatchouliSpell.hpp">
      <Filter>src\spells</Filter>
    </ClInclude>
    <ClInclude Include="..\Classes\spells\EnemyFirePattern.hpp">
      <Filter>src\spells</Filter>
    </ClInclude>
    <ClInclude Include="..\Classes\spells\PlayerFirePattern.hpp">
      <Filter>src\spells</Filter>
    </ClInclude>
    <ClInclude Include="..\Classes\FileIO.hpp">
      <Filter>src</Filter>
    </ClInclude>
    <ClInclude Include="..\Classes\objects\Upgrade.hpp">
      <Filter>src\objects</Filter>
    </ClInclude>
    <ClInclude Include="..\Classes\objects\Door.hpp">
      <Filter>src\objects</Filter>
    </ClInclude>
    <ClInclude Include="..\Classes\objects\AreaSensor.hpp">
      <Filter>src\objects</Filter>
    </ClInclude>
    <ClInclude Include="..\Classes\scenes\Library.hpp">
      <Filter>src\scenes</Filter>
    </ClInclude>
    <ClInclude Include="..\Classes\vect.hpp">
      <Filter>src</Filter>
    </ClInclude>
    <ClInclude Include="..\Classes\objects\Bomb.hpp">
      <Filter>src\objects</Filter>
    </ClInclude>
    <ClInclude Include="..\Classes\scenes\OpeningScene.hpp">
      <Filter>src\scenes</Filter>
    </ClInclude>
    <ClInclude Include="..\Classes\objects\Sign.hpp">
      <Filter>src\objects</Filter>
    </ClInclude>
    <ClInclude Include="..\Classes\objects\Desk.hpp">
      <Filter>src\objects</Filter>
    </ClInclude>
    <ClInclude Include="..\Classes\objects\EnvironmentalObjects.hpp">
      <Filter>src\objects</Filter>
    </ClInclude>
    <ClInclude Include="..\Classes\scenes\OverworldScene.hpp">
      <Filter>src\scenes</Filter>
    </ClInclude>
    <ClInclude Include="..\Classes\objects\Meiling.hpp">
      <Filter>src\objects</Filter>
    </ClInclude>
    <ClInclude Include="..\Classes\spells\RumiaSpells.hpp">
      <Filter>src\spells</Filter>
    </ClInclude>
    <ClInclude Include="..\Classes\spells\EnemySpell.hpp">
      <Filter>src\spells</Filter>
    </ClInclude>
    <ClInclude Include="..\Classes\spells\MarisaSpell.hpp">
      <Filter>src\spells</Filter>
    </ClInclude>
    <ClInclude Include="..\Classes\spells\SakuyaSpell.hpp">
      <Filter>src\spells</Filter>
    </ClInclude>
    <ClInclude Include="..\Classes\ai\AIFunctions.hpp">
      <Filter>src\ai</Filter>
    </ClInclude>
    <ClInclude Include="..\Classes\ai\AIUtil.hpp">
      <Filter>src\ai</Filter>
    </ClInclude>
    <ClInclude Include="..\Classes\spells\MiscMagicEffects.hpp">
      <Filter>src\spells</Filter>
    </ClInclude>
    <ClInclude Include="..\Classes\scenes\GScene.hpp">
      <Filter>src\scenes</Filter>
    </ClInclude>
    <ClInclude Include="..\Classes\objects\MapFragment.hpp">
      <Filter>src\objects</Filter>
    </ClInclude>
    <ClInclude Include="..\Classes\objects\FloorSegment.hpp">
      <Filter>src\objects</Filter>
    </ClInclude>
    <ClInclude Include="..\Classes\objects\FairyNPC.hpp">
      <Filter>src\objects</Filter>
    </ClInclude>
    <ClInclude Include="..\Classes\spells\SpellUtil.hpp">
      <Filter>src\spells</Filter>
    </ClInclude>
    <ClInclude Include="..\Classes\spells\spell_types.hpp">
      <Filter>src\spells</Filter>
    </ClInclude>
    <ClInclude Include="..\Classes\ai\RoomSensorFunctions.hpp">
      <Filter>src\ai</Filter>
    </ClInclude>
    <ClInclude Include="..\Classes\ai\EnemyFunctions.hpp">
      <Filter>src\ai</Filter>
    </ClInclude>
    <ClInclude Include="..\Classes\Resources.hpp">
      <Filter>src</Filter>
    </ClInclude>
    <ClInclude Include="..\Classes\audio_context.hpp">
      <Filter>src</Filter>
    </ClInclude>
    <ClInclude Include="..\Classes\app_constants.hpp">
      <Filter>src</Filter>
    </ClInclude>
    <ClInclude Include="..\Classes\ui\Dialog.hpp">
      <Filter>src\ui</Filter>
    </ClInclude>
    <ClInclude Include="..\Classes\ui\HUD.hpp">
      <Filter>src\ui</Filter>
    </ClInclude>
    <ClInclude Include="..\Classes\ui\menu.h">
      <Filter>src\ui</Filter>
    </ClInclude>
    <ClInclude Include="..\Classes\ui\menu_layers.h">
      <Filter>src\ui</Filter>
    </ClInclude>
    <ClInclude Include="..\Classes\graphics\GAnimation.hpp">
      <Filter>src\graphics</Filter>
    </ClInclude>
    <ClInclude Include="..\Classes\graphics\Graphics.h">
      <Filter>src\graphics</Filter>
    </ClInclude>
    <ClInclude Include="..\Classes\graphics\graphics_context.hpp">
      <Filter>src\graphics</Filter>
    </ClInclude>
    <ClInclude Include="..\Classes\graphics\graphics_types.h">
      <Filter>src\graphics</Filter>
    </ClInclude>
    <ClInclude Include="..\Classes\graphics\GraphicsNodes.hpp">
      <Filter>src\graphics</Filter>
    </ClInclude>
    <ClInclude Include="..\Classes\Graph.hpp">
      <Filter>src</Filter>
    </ClInclude>
    <ClInclude Include="..\Classes\internal_prefix.h">
      <Filter>src</Filter>
    </ClInclude>
    <ClInclude Include="..\Classes\log.hpp">
      <Filter>src</Filter>
    </ClInclude>
    <ClInclude Include="..\Classes\space\GSpace.hpp">
      <Filter>src\space</Filter>
    </ClInclude>
    <ClInclude Include="..\Classes\space\GState.hpp">
      <Filter>src\space</Filter>
    </ClInclude>
    <ClInclude Include="..\Classes\space\physics_context.hpp">
      <Filter>src\space</Filter>
    </ClInclude>
    <ClInclude Include="..\Classes\space\PhysicsImpl.hpp">
      <Filter>src\space</Filter>
    </ClInclude>
    <ClInclude Include="..\Classes\controls\ControlAssignment.h">
      <Filter>src\controls</Filter>
    </ClInclude>
    <ClInclude Include="..\Classes\controls\controls.h">
      <Filter>src\controls</Filter>
    </ClInclude>
    <ClInclude Include="..\Classes\controls\replay.h">
      <Filter>src\controls</Filter>
    </ClInclude>
    <ClInclude Include="..\Classes\xml.hpp">
      <Filter>src</Filter>
    </ClInclude>
    <ClInclude Include="..\Classes\objects\object_params.hpp">
      <Filter>src\objects</Filter>
    </ClInclude>
    <ClInclude Include="..\Classes\ai\AIPackages.hpp">
      <Filter>src\ai</Filter>
    </ClInclude>
    <ClInclude Include="..\Classes\space\RadarSensor.hpp">
      <Filter>src\space</Filter>
    </ClInclude>
    <ClInclude Include="..\Classes\spells\MagicEffectSystem.hpp">
      <Filter>src\spells</Filter>
    </ClInclude>
    <ClInclude Include="..\Classes\objects\NPC.hpp">
      <Filter>src\objects</Filter>
    </ClInclude>
    <ClInclude Include="..\Classes\spells\FirePatternImpl.hpp">
      <Filter>src\spells</Filter>
    </ClInclude>
  </ItemGroup>
  <ItemGroup>
    <ResourceCompile Include="game.rc">
      <Filter>resource</Filter>
    </ResourceCompile>
  </ItemGroup>
</Project>